
Microsoft Visual Studio Solution File, Format Version 12.00
# Visual Studio Version 16
VisualStudioVersion = 16.0.30503.244
MinimumVisualStudioVersion = 10.0.40219.1
Project("{9A19103F-16F7-4668-BE54-9A1E7A4F7556}") = "Lab4", "Lab4\Lab4.csproj", "{686D6B7B-EE8F-4980-BD7D-B671C9C53D09}"
EndProject
Global
	GlobalSection(SolutionConfigurationPlatforms) = preSolution
		Debug|Any CPU = Debug|Any CPU
		Release|Any CPU = Release|Any CPU
	EndGlobalSection
	GlobalSection(ProjectConfigurationPlatforms) = postSolution
		{686D6B7B-EE8F-4980-BD7D-B671C9C53D09}.Debug|Any CPU.ActiveCfg = Debug|Any CPU
		{686D6B7B-EE8F-4980-BD7D-B671C9C53D09}.Debug|Any CPU.Build.0 = Debug|Any CPU
		{686D6B7B-EE8F-4980-BD7D-B671C9C53D09}.Release|Any CPU.ActiveCfg = Release|Any CPU
		{686D6B7B-EE8F-4980-BD7D-B671C9C53D09}.Release|Any CPU.Build.0 = Release|Any CPU
	EndGlobalSection
	GlobalSection(SolutionProperties) = preSolution
		HideSolutionNode = FALSE
	EndGlobalSection
	GlobalSection(ExtensibilityGlobals) = postSolution
		SolutionGuid = {A68495A7-0216-471D-9D1E-F606475788AD}
	EndGlobalSection
EndGlobal
